
Microsoft Visual Studio Solution File, Format Version 12.00
# Visual Studio Version 17
VisualStudioVersion = 17.4.33205.214
MinimumVisualStudioVersion = 10.0.40219.1
Project("{9A19103F-16F7-4668-BE54-9A1E7A4F7556}") = "hello-world", "hello-world\hello-world.csproj", "{4B355EDB-AF4C-41EF-8503-5FD56D570590}"
EndProject
Project("{9A19103F-16F7-4668-BE54-9A1E7A4F7556}") = "criando-variaveis", "criando-variaveis\criando-variaveis.csproj", "{53F8B61F-4DC4-435D-8942-B1472BE38D94}"
EndProject
Project("{9A19103F-16F7-4668-BE54-9A1E7A4F7556}") = "criando-variaveis-ponto-flutuante", "criando-variaveis-ponto-flutuante\criando-variaveis-ponto-flutuante.csproj", "{3A8084D2-3C5E-4D8E-9291-12F8BD9DB132}"
EndProject
Project("{FAE04EC0-301F-11D3-BF4B-00C04F79EFBC}") = "conversoes-e-outros-tipos", "conversoes-e-outros-tipos\conversoes-e-outros-tipos.csproj", "{778912B1-6CF9-4748-80ED-72F9FE07FFAD}"
EndProject
Global
	GlobalSection(SolutionConfigurationPlatforms) = preSolution
		Debug|Any CPU = Debug|Any CPU
		Release|Any CPU = Release|Any CPU
	EndGlobalSection
	GlobalSection(ProjectConfigurationPlatforms) = postSolution
		{4B355EDB-AF4C-41EF-8503-5FD56D570590}.Debug|Any CPU.ActiveCfg = Debug|Any CPU
		{4B355EDB-AF4C-41EF-8503-5FD56D570590}.Debug|Any CPU.Build.0 = Debug|Any CPU
		{4B355EDB-AF4C-41EF-8503-5FD56D570590}.Release|Any CPU.ActiveCfg = Release|Any CPU
		{4B355EDB-AF4C-41EF-8503-5FD56D570590}.Release|Any CPU.Build.0 = Release|Any CPU
		{53F8B61F-4DC4-435D-8942-B1472BE38D94}.Debug|Any CPU.ActiveCfg = Debug|Any CPU
		{53F8B61F-4DC4-435D-8942-B1472BE38D94}.Debug|Any CPU.Build.0 = Debug|Any CPU
		{53F8B61F-4DC4-435D-8942-B1472BE38D94}.Release|Any CPU.ActiveCfg = Release|Any CPU
		{53F8B61F-4DC4-435D-8942-B1472BE38D94}.Release|Any CPU.Build.0 = Release|Any CPU
		{3A8084D2-3C5E-4D8E-9291-12F8BD9DB132}.Debug|Any CPU.ActiveCfg = Debug|Any CPU
		{3A8084D2-3C5E-4D8E-9291-12F8BD9DB132}.Debug|Any CPU.Build.0 = Debug|Any CPU
		{3A8084D2-3C5E-4D8E-9291-12F8BD9DB132}.Release|Any CPU.ActiveCfg = Release|Any CPU
		{3A8084D2-3C5E-4D8E-9291-12F8BD9DB132}.Release|Any CPU.Build.0 = Release|Any CPU
		{778912B1-6CF9-4748-80ED-72F9FE07FFAD}.Debug|Any CPU.ActiveCfg = Debug|Any CPU
		{778912B1-6CF9-4748-80ED-72F9FE07FFAD}.Debug|Any CPU.Build.0 = Debug|Any CPU
		{778912B1-6CF9-4748-80ED-72F9FE07FFAD}.Release|Any CPU.ActiveCfg = Release|Any CPU
		{778912B1-6CF9-4748-80ED-72F9FE07FFAD}.Release|Any CPU.Build.0 = Release|Any CPU
	EndGlobalSection
	GlobalSection(SolutionProperties) = preSolution
		HideSolutionNode = FALSE
	EndGlobalSection
	GlobalSection(ExtensibilityGlobals) = postSolution
		SolutionGuid = {8156C13D-A396-4D3D-872D-D123CA921C4B}
	EndGlobalSection
EndGlobal
